version = 1
revision = 3
requires-python = ">=3.13"

[[package]]
name = "lorarf"
version = "1.4.0"
source = { registry = "https://pypi.org/simple" }
dependencies = [
    { name = "rpi-gpio" },
    { name = "spidev" },
]
sdist = { url = "https://files.pythonhosted.org/packages/20/0c/8d68be030540edeada07a19dd653ea6874eefedea7084f770f83fb9cdd87/LoRaRF-1.4.0.tar.gz", hash = "sha256:ac28e7d5adebfc176b7d9d0cf70a0ad8627f589c3f808664d2fce2c64f0ac9b5", size = 22412, upload-time = "2022-09-25T07:42:06.3Z" }
wheels = [
    { url = "https://files.pythonhosted.org/packages/e6/23/1baf7097c6a60e73b366b3770e50795847acea555548fb877831a4fc29e6/LoRaRF-1.4.0-py3-none-any.whl", hash = "sha256:8c2a918dacbdd255cefca61a91af5518e9997128083f7015114139ea14bc3c96", size = 23309, upload-time = "2022-09-25T07:42:04.36Z" },
]

[[package]]
name = "pylora"
version = "0.3.1"
source = { registry = "https://pypi.org/simple" }
sdist = { url = "https://files.pythonhosted.org/packages/25/29/30ff803d2875457f3d67e821bfcf8a201e8f5bc90b8193f6722d69026cd2/pyLoRa-0.3.1.tar.gz", hash = "sha256:5e188e4ae4a53ce7cc5325bf8864ccadf63b4c8ce3c4800115877d46ef269c5b", size = 33293, upload-time = "2019-04-23T17:38:00.218Z" }
wheels = [
    { url = "https://files.pythonhosted.org/packages/46/ab/a3ddafd7ab4ca37aad689b8363a31f159026f2be47fd337bb013edaf1f27/pyLoRa-0.3.1-py3-none-any.whl", hash = "sha256:905f648f21f40d8691a6520dbdbc04755a78db906046e8fc4e49d03a62561a8d", size = 40974, upload-time = "2019-04-23T17:37:58.501Z" },
]

[[package]]
name = "radio-only"
version = "0.1.0"
source = { virtual = "." }
dependencies = [
    { name = "lorarf" },
    { name = "pylora" },
]

[package.metadata]
requires-dist = [
    { name = "lorarf", specifier = ">=1.4.0" },
    { name = "pylora", specifier = ">=0.3.1" },
]

[[package]]
name = "rpi-gpio"
version = "0.7.1"
source = { registry = "https://pypi.org/simple" }
sdist = { url = "https://files.pythonhosted.org/packages/c4/0f/10b524a12b3445af1c607c27b2f5ed122ef55756e29942900e5c950735f2/RPi.GPIO-0.7.1.tar.gz", hash = "sha256:cd61c4b03c37b62bba4a5acfea9862749c33c618e0295e7e90aa4713fb373b70", size = 29090, upload-time = "2022-02-06T15:15:06.022Z" }

[[package]]
name = "spidev"
version = "3.8"
source = { registry = "https://pypi.org/simple" }
sdist = { url = "https://files.pythonhosted.org/packages/67/87/039b6eeea781598015b538691bc174cc0bf77df9d4d2d3b8bf9245c0de8c/spidev-3.8.tar.gz", hash = "sha256:2bc02fb8c6312d519ebf1f4331067427c0921d3f77b8bcaf05189a2e8b8382c0", size = 13893, upload-time = "2025-09-15T18:56:20.672Z" }
